
Microsoft Visual Studio Solution File, Format Version 12.00
# Visual Studio Version 16
VisualStudioVersion = 16.0.30309.148
MinimumVisualStudioVersion = 10.0.40219.1
Project("{FAE04EC0-301F-11D3-BF4B-00C04F79EFBC}") = "Students", "Students\Students.csproj", "{DDCA0B0E-5B53-4010-B743-92BE0997B3F7}"
EndProject
Project("{FAE04EC0-301F-11D3-BF4B-00C04F79EFBC}") = "Data", "Data\Data.csproj", "{1E091BC3-B5BC-4B32-8D6C-AFCEB956AF04}"
EndProject
Project("{FAE04EC0-301F-11D3-BF4B-00C04F79EFBC}") = "Logic", "Logic\Logic.csproj", "{0E1CD968-8B47-4A1A-9C80-0B77101335DC}"
EndProject
Global
	GlobalSection(SolutionConfigurationPlatforms) = preSolution
		Debug|Any CPU = Debug|Any CPU
		Release|Any CPU = Release|Any CPU
	EndGlobalSection
	GlobalSection(ProjectConfigurationPlatforms) = postSolution
		{DDCA0B0E-5B53-4010-B743-92BE0997B3F7}.Debug|Any CPU.ActiveCfg = Debug|Any CPU
		{DDCA0B0E-5B53-4010-B743-92BE0997B3F7}.Debug|Any CPU.Build.0 = Debug|Any CPU
		{DDCA0B0E-5B53-4010-B743-92BE0997B3F7}.Release|Any CPU.ActiveCfg = Release|Any CPU
		{DDCA0B0E-5B53-4010-B743-92BE0997B3F7}.Release|Any CPU.Build.0 = Release|Any CPU
		{1E091BC3-B5BC-4B32-8D6C-AFCEB956AF04}.Debug|Any CPU.ActiveCfg = Debug|Any CPU
		{1E091BC3-B5BC-4B32-8D6C-AFCEB956AF04}.Debug|Any CPU.Build.0 = Debug|Any CPU
		{1E091BC3-B5BC-4B32-8D6C-AFCEB956AF04}.Release|Any CPU.ActiveCfg = Release|Any CPU
		{1E091BC3-B5BC-4B32-8D6C-AFCEB956AF04}.Release|Any CPU.Build.0 = Release|Any CPU
		{0E1CD968-8B47-4A1A-9C80-0B77101335DC}.Debug|Any CPU.ActiveCfg = Debug|Any CPU
		{0E1CD968-8B47-4A1A-9C80-0B77101335DC}.Debug|Any CPU.Build.0 = Debug|Any CPU
		{0E1CD968-8B47-4A1A-9C80-0B77101335DC}.Release|Any CPU.ActiveCfg = Release|Any CPU
		{0E1CD968-8B47-4A1A-9C80-0B77101335DC}.Release|Any CPU.Build.0 = Release|Any CPU
	EndGlobalSection
	GlobalSection(SolutionProperties) = preSolution
		HideSolutionNode = FALSE
	EndGlobalSection
	GlobalSection(ExtensibilityGlobals) = postSolution
		SolutionGuid = {10691923-5E48-4136-B74C-6A8B263D6C0E}
	EndGlobalSection
EndGlobal
